
Microsoft Visual Studio Solution File, Format Version 12.00
# Visual Studio Version 17
VisualStudioVersion = 17.10.34928.147
MinimumVisualStudioVersion = 10.0.40219.1
Project("{FAE04EC0-301F-11D3-BF4B-00C04F79EFBC}") = "StoreManagement", "StoreManagement\StoreManagement.csproj", "{517D0DB6-B27E-4531-8B35-B9BFD5C0F0C7}"
EndProject
Project("{FAE04EC0-301F-11D3-BF4B-00C04F79EFBC}") = "StoreManagement.Data", "StoreManagement.Data\StoreManagement.Data.csproj", "{CDAF2AB5-59B5-4281-8248-5A510C7DD161}"
EndProject
Global
	GlobalSection(SolutionConfigurationPlatforms) = preSolution
		Debug|Any CPU = Debug|Any CPU
		Release|Any CPU = Release|Any CPU
	EndGlobalSection
	GlobalSection(ProjectConfigurationPlatforms) = postSolution
		{517D0DB6-B27E-4531-8B35-B9BFD5C0F0C7}.Debug|Any CPU.ActiveCfg = Debug|Any CPU
		{517D0DB6-B27E-4531-8B35-B9BFD5C0F0C7}.Debug|Any CPU.Build.0 = Debug|Any CPU
		{517D0DB6-B27E-4531-8B35-B9BFD5C0F0C7}.Release|Any CPU.ActiveCfg = Release|Any CPU
		{517D0DB6-B27E-4531-8B35-B9BFD5C0F0C7}.Release|Any CPU.Build.0 = Release|Any CPU
		{CDAF2AB5-59B5-4281-8248-5A510C7DD161}.Debug|Any CPU.ActiveCfg = Debug|Any CPU
		{CDAF2AB5-59B5-4281-8248-5A510C7DD161}.Debug|Any CPU.Build.0 = Debug|Any CPU
		{CDAF2AB5-59B5-4281-8248-5A510C7DD161}.Release|Any CPU.ActiveCfg = Release|Any CPU
		{CDAF2AB5-59B5-4281-8248-5A510C7DD161}.Release|Any CPU.Build.0 = Release|Any CPU
	EndGlobalSection
	GlobalSection(SolutionProperties) = preSolution
		HideSolutionNode = FALSE
	EndGlobalSection
	GlobalSection(ExtensibilityGlobals) = postSolution
		SolutionGuid = {74BB9F98-97ED-4A66-B2A8-387EB149F005}
	EndGlobalSection
EndGlobal
